// !$*UTF8*$!
{
	archiveVersion = 1;
	classes = {
	};
	objectVersion = 55;
	objects = {

/* Begin PBXBuildFile section */
		6229D6622B86538F00583F02 /* Model.xcdatamodeld in Sources */ = {isa = PBXBuildFile; fileRef = 6229D6602B86538F00583F02 /* Model.xcdatamodeld */; };
		62C513C42B86470600D74BFA /* football_calendarApp.swift in Sources */ = {isa = PBXBuildFile; fileRef = 62C513C32B86470600D74BFA /* football_calendarApp.swift */; };
		62C513C62B86470600D74BFA /* ContentView.swift in Sources */ = {isa = PBXBuildFile; fileRef = 62C513C52B86470600D74BFA /* ContentView.swift */; };
		62C513C82B86470C00D74BFA /* Assets.xcassets in Resources */ = {isa = PBXBuildFile; fileRef = 62C513C72B86470C00D74BFA /* Assets.xcassets */; };
		62C513CB2B86470C00D74BFA /* Preview Assets.xcassets in Resources */ = {isa = PBXBuildFile; fileRef = 62C513CA2B86470C00D74BFA /* Preview Assets.xcassets */; };
		62C513D62B86470C00D74BFA /* football_calendarTests.swift in Sources */ = {isa = PBXBuildFile; fileRef = 62C513D52B86470C00D74BFA /* football_calendarTests.swift */; };
		62C513E02B86470C00D74BFA /* football_calendarUITests.swift in Sources */ = {isa = PBXBuildFile; fileRef = 62C513DF2B86470C00D74BFA /* football_calendarUITests.swift */; };
		62C513E22B86470C00D74BFA /* football_calendarUITestsLaunchTests.swift in Sources */ = {isa = PBXBuildFile; fileRef = 62C513E12B86470C00D74BFA /* football_calendarUITestsLaunchTests.swift */; };
/* End PBXBuildFile section */

/* Begin PBXContainerItemProxy section */
		62C513D22B86470C00D74BFA /* PBXContainerItemProxy */ = {
			isa = PBXContainerItemProxy;
			containerPortal = 62C513B82B86470500D74BFA /* Project object */;
			proxyType = 1;
			remoteGlobalIDString = 62C513BF2B86470600D74BFA;
			remoteInfo = "football-calendar";
		};
		62C513DC2B86470C00D74BFA /* PBXContainerItemProxy */ = {
			isa = PBXContainerItemProxy;
			containerPortal = 62C513B82B86470500D74BFA /* Project object */;
			proxyType = 1;
			remoteGlobalIDString = 62C513BF2B86470600D74BFA;
			remoteInfo = "football-calendar";
		};
/* End PBXContainerItemProxy section */

/* Begin PBXFileReference section */
		6229D6612B86538F00583F02 /* Model.xcdatamodel */ = {isa = PBXFileReference; lastKnownFileType = wrapper.xcdatamodel; path = Model.xcdatamodel; sourceTree = "<group>"; };
		62C513C02B86470600D74BFA /* football-calendar.app */ = {isa = PBXFileReference; explicitFileType = wrapper.application; includeInIndex = 0; path = "football-calendar.app"; sourceTree = BUILT_PRODUCTS_DIR; };
		62C513C32B86470600D74BFA /* football_calendarApp.swift */ = {isa = PBXFileReference; lastKnownFileType = sourcecode.swift; path = football_calendarApp.swift; sourceTree = "<group>"; };
		62C513C52B86470600D74BFA /* ContentView.swift */ = {isa = PBXFileReference; lastKnownFileType = sourcecode.swift; path = ContentView.swift; sourceTree = "<group>"; };
		62C513C72B86470C00D74BFA /* Assets.xcassets */ = {isa = PBXFileReference; lastKnownFileType = folder.assetcatalog; path = Assets.xcassets; sourceTree = "<group>"; };
		62C513CA2B86470C00D74BFA /* Preview Assets.xcassets */ = {isa = PBXFileReference; lastKnownFileType = folder.assetcatalog; path = "Preview Assets.xcassets"; sourceTree = "<group>"; };
		62C513CC2B86470C00D74BFA /* football_calendar.entitlements */ = {isa = PBXFileReference; lastKnownFileType = text.plist.entitlements; path = football_calendar.entitlements; sourceTree = "<group>"; };
		62C513D12B86470C00D74BFA /* football-calendarTests.xctest */ = {isa = PBXFileReference; explicitFileType = wrapper.cfbundle; includeInIndex = 0; path = "football-calendarTests.xctest"; sourceTree = BUILT_PRODUCTS_DIR; };
		62C513D52B86470C00D74BFA /* football_calendarTests.swift */ = {isa = PBXFileReference; lastKnownFileType = sourcecode.swift; path = football_calendarTests.swift; sourceTree = "<group>"; };
		62C513DB2B86470C00D74BFA /* football-calendarUITests.xctest */ = {isa = PBXFileReference; explicitFileType = wrapper.cfbundle; includeInIndex = 0; path = "football-calendarUITests.xctest"; sourceTree = BUILT_PRODUCTS_DIR; };
		62C513DF2B86470C00D74BFA /* football_calendarUITests.swift */ = {isa = PBXFileReference; lastKnownFileType = sourcecode.swift; path = football_calendarUITests.swift; sourceTree = "<group>"; };
		62C513E12B86470C00D74BFA /* football_calendarUITestsLaunchTests.swift */ = {isa = PBXFileReference; lastKnownFileType = sourcecode.swift; path = football_calendarUITestsLaunchTests.swift; sourceTree = "<group>"; };
/* End PBXFileReference section */

/* Begin PBXFrameworksBuildPhase section */
		62C513BD2B86470600D74BFA /* Frameworks */ = {
			isa = PBXFrameworksBuildPhase;
			buildActionMask = 2147483647;
			files = (
			);
			runOnlyForDeploymentPostprocessing = 0;
		};
		62C513CE2B86470C00D74BFA /* Frameworks */ = {
			isa = PBXFrameworksBuildPhase;
			buildActionMask = 2147483647;
			files = (
			);
			runOnlyForDeploymentPostprocessing = 0;
		};
		62C513D82B86470C00D74BFA /* Frameworks */ = {
			isa = PBXFrameworksBuildPhase;
			buildActionMask = 2147483647;
			files = (
			);
			runOnlyForDeploymentPostprocessing = 0;
		};
/* End PBXFrameworksBuildPhase section */

/* Begin PBXGroup section */
		62C513B72B86470500D74BFA = {
			isa = PBXGroup;
			children = (
				62C513C22B86470600D74BFA /* football-calendar */,
				62C513D42B86470C00D74BFA /* football-calendarTests */,
				62C513DE2B86470C00D74BFA /* football-calendarUITests */,
				62C513C12B86470600D74BFA /* Products */,
			);
			sourceTree = "<group>";
		};
		62C513C12B86470600D74BFA /* Products */ = {
			isa = PBXGroup;
			children = (
				62C513C02B86470600D74BFA /* football-calendar.app */,
				62C513D12B86470C00D74BFA /* football-calendarTests.xctest */,
				62C513DB2B86470C00D74BFA /* football-calendarUITests.xctest */,
			);
			name = Products;
			sourceTree = "<group>";
		};
		62C513C22B86470600D74BFA /* football-calendar */ = {
			isa = PBXGroup;
			children = (
				62C513C32B86470600D74BFA /* football_calendarApp.swift */,
				62C513C52B86470600D74BFA /* ContentView.swift */,
				62C513C72B86470C00D74BFA /* Assets.xcassets */,
				62C513CC2B86470C00D74BFA /* football_calendar.entitlements */,
				62C513C92B86470C00D74BFA /* Preview Content */,
				6229D6602B86538F00583F02 /* Model.xcdatamodeld */,
			);
			path = "football-calendar";
			sourceTree = "<group>";
		};
		62C513C92B86470C00D74BFA /* Preview Content */ = {
			isa = PBXGroup;
			children = (
				62C513CA2B86470C00D74BFA /* Preview Assets.xcassets */,
			);
			path = "Preview Content";
			sourceTree = "<group>";
		};
		62C513D42B86470C00D74BFA /* football-calendarTests */ = {
			isa = PBXGroup;
			children = (
				62C513D52B86470C00D74BFA /* football_calendarTests.swift */,
			);
			path = "football-calendarTests";
			sourceTree = "<group>";
		};
		62C513DE2B86470C00D74BFA /* football-calendarUITests */ = {
			isa = PBXGroup;
			children = (
				62C513DF2B86470C00D74BFA /* football_calendarUITests.swift */,
				62C513E12B86470C00D74BFA /* football_calendarUITestsLaunchTests.swift */,
			);
			path = "football-calendarUITests";
			sourceTree = "<group>";
		};
/* End PBXGroup section */

/* Begin PBXNativeTarget section */
		62C513BF2B86470600D74BFA /* football-calendar */ = {
			isa = PBXNativeTarget;
			buildConfigurationList = 62C513E52B86470C00D74BFA /* Build configuration list for PBXNativeTarget "football-calendar" */;
			buildPhases = (
				62C513BC2B86470600D74BFA /* Sources */,
				62C513BD2B86470600D74BFA /* Frameworks */,
				62C513BE2B86470600D74BFA /* Resources */,
			);
			buildRules = (
			);
			dependencies = (
			);
			name = "football-calendar";
			productName = "football-calendar";
			productReference = 62C513C02B86470600D74BFA /* football-calendar.app */;
			productType = "com.apple.product-type.application";
		};
		62C513D02B86470C00D74BFA /* football-calendarTests */ = {
			isa = PBXNativeTarget;
			buildConfigurationList = 62C513E82B86470C00D74BFA /* Build configuration list for PBXNativeTarget "football-calendarTests" */;
			buildPhases = (
				62C513CD2B86470C00D74BFA /* Sources */,
				62C513CE2B86470C00D74BFA /* Frameworks */,
				62C513CF2B86470C00D74BFA /* Resources */,
			);
			buildRules = (
			);
			dependencies = (
				62C513D32B86470C00D74BFA /* PBXTargetDependency */,
			);
			name = "football-calendarTests";
			productName = "football-calendarTests";
			productReference = 62C513D12B86470C00D74BFA /* football-calendarTests.xctest */;
			productType = "com.apple.product-type.bundle.unit-test";
		};
		62C513DA2B86470C00D74BFA /* football-calendarUITests */ = {
			isa = PBXNativeTarget;
			buildConfigurationList = 62C513EB2B86470C00D74BFA /* Build configuration list for PBXNativeTarget "football-calendarUITests" */;
			buildPhases = (
				62C513D72B86470C00D74BFA /* Sources */,
				62C513D82B86470C00D74BFA /* Frameworks */,
				62C513D92B86470C00D74BFA /* Resources */,
			);
			buildRules = (
			);
			dependencies = (
				62C513DD2B86470C00D74BFA /* PBXTargetDependency */,
			);
			name = "football-calendarUITests";
			productName = "football-calendarUITests";
			productReference = 62C513DB2B86470C00D74BFA /* football-calendarUITests.xctest */;
			productType = "com.apple.product-type.bundle.ui-testing";
		};
/* End PBXNativeTarget section */

/* Begin PBXProject section */
		62C513B82B86470500D74BFA /* Project object */ = {
			isa = PBXProject;
			attributes = {
				BuildIndependentTargetsInParallel = 1;
				LastSwiftUpdateCheck = 1340;
				LastUpgradeCheck = 1340;
				TargetAttributes = {
					62C513BF2B86470600D74BFA = {
						CreatedOnToolsVersion = 13.4.1;
					};
					62C513D02B86470C00D74BFA = {
						CreatedOnToolsVersion = 13.4.1;
						TestTargetID = 62C513BF2B86470600D74BFA;
					};
					62C513DA2B86470C00D74BFA = {
						CreatedOnToolsVersion = 13.4.1;
						TestTargetID = 62C513BF2B86470600D74BFA;
					};
				};
			};
			buildConfigurationList = 62C513BB2B86470500D74BFA /* Build configuration list for PBXProject "football-calendar" */;
			compatibilityVersion = "Xcode 13.0";
			developmentRegion = en;
			hasScannedForEncodings = 0;
			knownRegions = (
				en,
				Base,
			);
			mainGroup = 62C513B72B86470500D74BFA;
			productRefGroup = 62C513C12B86470600D74BFA /* Products */;
			projectDirPath = "";
			projectRoot = "";
			targets = (
				62C513BF2B86470600D74BFA /* football-calendar */,
				62C513D02B86470C00D74BFA /* football-calendarTests */,
				62C513DA2B86470C00D74BFA /* football-calendarUITests */,
			);
		};
/* End PBXProject section */

/* Begin PBXResourcesBuildPhase section */
		62C513BE2B86470600D74BFA /* Resources */ = {
			isa = PBXResourcesBuildPhase;
			buildActionMask = 2147483647;
			files = (
				62C513CB2B86470C00D74BFA /* Preview Assets.xcassets in Resources */,
				62C513C82B86470C00D74BFA /* Assets.xcassets in Resources */,
			);
			runOnlyForDeploymentPostprocessing = 0;
		};
		62C513CF2B86470C00D74BFA /* Resources */ = {
			isa = PBXResourcesBuildPhase;
			buildActionMask = 2147483647;
			files = (
			);
			runOnlyForDeploymentPostprocessing = 0;
		};
		62C513D92B86470C00D74BFA /* Resources */ = {
			isa = PBXResourcesBuildPhase;
			buildActionMask = 2147483647;
			files = (
			);
			runOnlyForDeploymentPostprocessing = 0;
		};
/* End PBXResourcesBuildPhase section */

/* Begin PBXSourcesBuildPhase section */
		62C513BC2B86470600D74BFA /* Sources */ = {
			isa = PBXSourcesBuildPhase;
			buildActionMask = 2147483647;
			files = (
				62C513C62B86470600D74BFA /* ContentView.swift in Sources */,
				62C513C42B86470600D74BFA /* football_calendarApp.swift in Sources */,
				6229D6622B86538F00583F02 /* Model.xcdatamodeld in Sources */,
			);
			runOnlyForDeploymentPostprocessing = 0;
		};
		62C513CD2B86470C00D74BFA /* Sources */ = {
			isa = PBXSourcesBuildPhase;
			buildActionMask = 2147483647;
			files = (
				62C513D62B86470C00D74BFA /* football_calendarTests.swift in Sources */,
			);
			runOnlyForDeploymentPostprocessing = 0;
		};
		62C513D72B86470C00D74BFA /* Sources */ = {
			isa = PBXSourcesBuildPhase;
			buildActionMask = 2147483647;
			files = (
				62C513E02B86470C00D74BFA /* football_calendarUITests.swift in Sources */,
				62C513E22B86470C00D74BFA /* football_calendarUITestsLaunchTests.swift in Sources */,
			);
			runOnlyForDeploymentPostprocessing = 0;
		};
/* End PBXSourcesBuildPhase section */

/* Begin PBXTargetDependency section */
		62C513D32B86470C00D74BFA /* PBXTargetDependency */ = {
			isa = PBXTargetDependency;
			target = 62C513BF2B86470600D74BFA /* football-calendar */;
			targetProxy = 62C513D22B86470C00D74BFA /* PBXContainerItemProxy */;
		};
		62C513DD2B86470C00D74BFA /* PBXTargetDependency */ = {
			isa = PBXTargetDependency;
			target = 62C513BF2B86470600D74BFA /* football-calendar */;
			targetProxy = 62C513DC2B86470C00D74BFA /* PBXContainerItemProxy */;
		};
/* End PBXTargetDependency section */

/* Begin XCBuildConfiguration section */
		62C513E32B86470C00D74BFA /* Debug */ = {
			isa = XCBuildConfiguration;
			buildSettings = {
				ALWAYS_SEARCH_USER_PATHS = NO;
				CLANG_ANALYZER_NONNULL = YES;
				CLANG_ANALYZER_NUMBER_OBJECT_CONVERSION = YES_AGGRESSIVE;
				CLANG_CXX_LANGUAGE_STANDARD = "gnu++17";
				CLANG_ENABLE_MODULES = YES;
				CLANG_ENABLE_OBJC_ARC = YES;
				CLANG_ENABLE_OBJC_WEAK = YES;
				CLANG_WARN_BLOCK_CAPTURE_AUTORELEASING = YES;
				CLANG_WARN_BOOL_CONVERSION = YES;
				CLANG_WARN_COMMA = YES;
				CLANG_WARN_CONSTANT_CONVERSION = YES;
				CLANG_WARN_DEPRECATED_OBJC_IMPLEMENTATIONS = YES;
				CLANG_WARN_DIRECT_OBJC_ISA_USAGE = YES_ERROR;
				CLANG_WARN_DOCUMENTATION_COMMENTS = YES;
				CLANG_WARN_EMPTY_BODY = YES;
				CLANG_WARN_ENUM_CONVERSION = YES;
				CLANG_WARN_INFINITE_RECURSION = YES;
				CLANG_WARN_INT_CONVERSION = YES;
				CLANG_WARN_NON_LITERAL_NULL_CONVERSION = YES;
				CLANG_WARN_OBJC_IMPLICIT_RETAIN_SELF = YES;
				CLANG_WARN_OBJC_LITERAL_CONVERSION = YES;
				CLANG_WARN_OBJC_ROOT_CLASS = YES_ERROR;
				CLANG_WARN_QUOTED_INCLUDE_IN_FRAMEWORK_HEADER = YES;
				CLANG_WARN_RANGE_LOOP_ANALYSIS = YES;
				CLANG_WARN_STRICT_PROTOTYPES = YES;
				CLANG_WARN_SUSPICIOUS_MOVE = YES;
				CLANG_WARN_UNGUARDED_AVAILABILITY = YES_AGGRESSIVE;
				CLANG_WARN_UNREACHABLE_CODE = YES;
				CLANG_WARN__DUPLICATE_METHOD_MATCH = YES;
				COPY_PHASE_STRIP = NO;
				DEBUG_INFORMATION_FORMAT = dwarf;
				ENABLE_STRICT_OBJC_MSGSEND = YES;
				ENABLE_TESTABILITY = YES;
				GCC_C_LANGUAGE_STANDARD = gnu11;
				GCC_DYNAMIC_NO_PIC = NO;
				GCC_NO_COMMON_BLOCKS = YES;
				GCC_OPTIMIZATION_LEVEL = 0;
				GCC_PREPROCESSOR_DEFINITIONS = (
					"DEBUG=1",
					"$(inherited)",
				);
				GCC_WARN_64_TO_32_BIT_CONVERSION = YES;
				GCC_WARN_ABOUT_RETURN_TYPE = YES_ERROR;
				GCC_WARN_UNDECLARED_SELECTOR = YES;
				GCC_WARN_UNINITIALIZED_AUTOS = YES_AGGRESSIVE;
				GCC_WARN_UNUSED_FUNCTION = YES;
				GCC_WARN_UNUSED_VARIABLE = YES;
				MACOSX_DEPLOYMENT_TARGET = 12.3;
				MTL_ENABLE_DEBUG_INFO = INCLUDE_SOURCE;
				MTL_FAST_MATH = YES;
				ONLY_ACTIVE_ARCH = YES;
				SDKROOT = macosx;
				SWIFT_ACTIVE_COMPILATION_CONDITIONS = DEBUG;
				SWIFT_OPTIMIZATION_LEVEL = "-Onone";
			};
			name = Debug;
		};
		62C513E42B86470C00D74BFA /* Release */ = {
			isa = XCBuildConfiguration;
			buildSettings = {
				ALWAYS_SEARCH_USER_PATHS = NO;
				CLANG_ANALYZER_NONNULL = YES;
				CLANG_ANALYZER_NUMBER_OBJECT_CONVERSION = YES_AGGRESSIVE;
				CLANG_CXX_LANGUAGE_STANDARD = "gnu++17";
				CLANG_ENABLE_MODULES = YES;
				CLANG_ENABLE_OBJC_ARC = YES;
				CLANG_ENABLE_OBJC_WEAK = YES;
				CLANG_WARN_BLOCK_CAPTURE_AUTORELEASING = YES;
				CLANG_WARN_BOOL_CONVERSION = YES;
				CLANG_WARN_COMMA = YES;
				CLANG_WARN_CONSTANT_CONVERSION = YES;
				CLANG_WARN_DEPRECATED_OBJC_IMPLEMENTATIONS = YES;
				CLANG_WARN_DIRECT_OBJC_ISA_USAGE = YES_ERROR;
				CLANG_WARN_DOCUMENTATION_COMMENTS = YES;
				CLANG_WARN_EMPTY_BODY = YES;
				CLANG_WARN_ENUM_CONVERSION = YES;
				CLANG_WARN_INFINITE_RECURSION = YES;
				CLANG_WARN_INT_CONVERSION = YES;
				CLANG_WARN_NON_LITERAL_NULL_CONVERSION = YES;
				CLANG_WARN_OBJC_IMPLICIT_RETAIN_SELF = YES;
				CLANG_WARN_OBJC_LITERAL_CONVERSION = YES;
				CLANG_WARN_OBJC_ROOT_CLASS = YES_ERROR;
				CLANG_WARN_QUOTED_INCLUDE_IN_FRAMEWORK_HEADER = YES;
				CLANG_WARN_RANGE_LOOP_ANALYSIS = YES;
				CLANG_WARN_STRICT_PROTOTYPES = YES;
				CLANG_WARN_SUSPICIOUS_MOVE = YES;
				CLANG_WARN_UNGUARDED_AVAILABILITY = YES_AGGRESSIVE;
				CLANG_WARN_UNREACHABLE_CODE = YES;
				CLANG_WARN__DUPLICATE_METHOD_MATCH = YES;
				COPY_PHASE_STRIP = NO;
				DEBUG_INFORMATION_FORMAT = "dwarf-with-dsym";
				ENABLE_NS_ASSERTIONS = NO;
				ENABLE_STRICT_OBJC_MSGSEND = YES;
				GCC_C_LANGUAGE_STANDARD = gnu11;
				GCC_NO_COMMON_BLOCKS = YES;
				GCC_WARN_64_TO_32_BIT_CONVERSION = YES;
				GCC_WARN_ABOUT_RETURN_TYPE = YES_ERROR;
				GCC_WARN_UNDECLARED_SELECTOR = YES;
				GCC_WARN_UNINITIALIZED_AUTOS = YES_AGGRESSIVE;
				GCC_WARN_UNUSED_FUNCTION = YES;
				GCC_WARN_UNUSED_VARIABLE = YES;
				MACOSX_DEPLOYMENT_TARGET = 12.3;
				MTL_ENABLE_DEBUG_INFO = NO;
				MTL_FAST_MATH = YES;
				SDKROOT = macosx;
				SWIFT_COMPILATION_MODE = wholemodule;
				SWIFT_OPTIMIZATION_LEVEL = "-O";
			};
			name = Release;
		};
		62C513E62B86470C00D74BFA /* Debug */ = {
			isa = XCBuildConfiguration;
			buildSettings = {
				ASSETCATALOG_COMPILER_APPICON_NAME = AppIcon;
				ASSETCATALOG_COMPILER_GLOBAL_ACCENT_COLOR_NAME = AccentColor;
				CODE_SIGN_ENTITLEMENTS = "football-calendar/football_calendar.entitlements";
				CODE_SIGN_STYLE = Automatic;
				COMBINE_HIDPI_IMAGES = YES;
				CURRENT_PROJECT_VERSION = 1;
				DEVELOPMENT_ASSET_PATHS = "\"football-calendar/Preview Content\"";
				ENABLE_PREVIEWS = YES;
				GENERATE_INFOPLIST_FILE = YES;
				INFOPLIST_KEY_NSHumanReadableCopyright = "";
				LD_RUNPATH_SEARCH_PATHS = (
					"$(inherited)",
					"@executable_path/../Frameworks",
				);
				MARKETING_VERSION = 1.0;
				PRODUCT_BUNDLE_IDENTIFIER = "it.xcorra.football-calendar";
				PRODUCT_NAME = "$(TARGET_NAME)";
				SWIFT_EMIT_LOC_STRINGS = YES;
				SWIFT_VERSION = 5.0;
			};
			name = Debug;
		};
		62C513E72B86470C00D74BFA /* Release */ = {
			isa = XCBuildConfiguration;
			buildSettings = {
				ASSETCATALOG_COMPILER_APPICON_NAME = AppIcon;
				ASSETCATALOG_COMPILER_GLOBAL_ACCENT_COLOR_NAME = AccentColor;
				CODE_SIGN_ENTITLEMENTS = "football-calendar/football_calendar.entitlements";
				CODE_SIGN_STYLE = Automatic;
				COMBINE_HIDPI_IMAGES = YES;
				CURRENT_PROJECT_VERSION = 1;
				DEVELOPMENT_ASSET_PATHS = "\"football-calendar/Preview Content\"";
				ENABLE_PREVIEWS = YES;
				GENERATE_INFOPLIST_FILE = YES;
				INFOPLIST_KEY_NSHumanReadableCopyright = "";
				LD_RUNPATH_SEARCH_PATHS = (
					"$(inherited)",
					"@executable_path/../Frameworks",
				);
				MARKETING_VERSION = 1.0;
				PRODUCT_BUNDLE_IDENTIFIER = "it.xcorra.football-calendar";
				PRODUCT_NAME = "$(TARGET_NAME)";
				SWIFT_EMIT_LOC_STRINGS = YES;
				SWIFT_VERSION = 5.0;
			};
			name = Release;
		};
		62C513E92B86470C00D74BFA /* Debug */ = {
			isa = XCBuildConfiguration;
			buildSettings = {
				ALWAYS_EMBED_SWIFT_STANDARD_LIBRARIES = YES;
				BUNDLE_LOADER = "$(TEST_HOST)";
				CODE_SIGN_STYLE = Automatic;
				CURRENT_PROJECT_VERSION = 1;
				GENERATE_INFOPLIST_FILE = YES;
				MACOSX_DEPLOYMENT_TARGET = 12.3;
				MARKETING_VERSION = 1.0;
				PRODUCT_BUNDLE_IDENTIFIER = "it.xcorra.football-calendarTests";
				PRODUCT_NAME = "$(TARGET_NAME)";
				SWIFT_EMIT_LOC_STRINGS = NO;
				SWIFT_VERSION = 5.0;
				TEST_HOST = "$(BUILT_PRODUCTS_DIR)/football-calendar.app/Contents/MacOS/football-calendar";
			};
			name = Debug;
		};
		62C513EA2B86470C00D74BFA /* Release */ = {
			isa = XCBuildConfiguration;
			buildSettings = {
				ALWAYS_EMBED_SWIFT_STANDARD_LIBRARIES = YES;
				BUNDLE_LOADER = "$(TEST_HOST)";
				CODE_SIGN_STYLE = Automatic;
				CURRENT_PROJECT_VERSION = 1;
				GENERATE_INFOPLIST_FILE = YES;
				MACOSX_DEPLOYMENT_TARGET = 12.3;
				MARKETING_VERSION = 1.0;
				PRODUCT_BUNDLE_IDENTIFIER = "it.xcorra.football-calendarTests";
				PRODUCT_NAME = "$(TARGET_NAME)";
				SWIFT_EMIT_LOC_STRINGS = NO;
				SWIFT_VERSION = 5.0;
				TEST_HOST = "$(BUILT_PRODUCTS_DIR)/football-calendar.app/Contents/MacOS/football-calendar";
			};
			name = Release;
		};
		62C513EC2B86470C00D74BFA /* Debug */ = {
			isa = XCBuildConfiguration;
			buildSettings = {
				ALWAYS_EMBED_SWIFT_STANDARD_LIBRARIES = YES;
				CODE_SIGN_STYLE = Automatic;
				CURRENT_PROJECT_VERSION = 1;
				GENERATE_INFOPLIST_FILE = YES;
				MARKETING_VERSION = 1.0;
				PRODUCT_BUNDLE_IDENTIFIER = "it.xcorra.football-calendarUITests";
				PRODUCT_NAME = "$(TARGET_NAME)";
				SWIFT_EMIT_LOC_STRINGS = NO;
				SWIFT_VERSION = 5.0;
				TEST_TARGET_NAME = "football-calendar";
			};
			name = Debug;
		};
		62C513ED2B86470C00D74BFA /* Release */ = {
			isa = XCBuildConfiguration;
			buildSettings = {
				ALWAYS_EMBED_SWIFT_STANDARD_LIBRARIES = YES;
				CODE_SIGN_STYLE = Automatic;
				CURRENT_PROJECT_VERSION = 1;
				GENERATE_INFOPLIST_FILE = YES;
				MARKETING_VERSION = 1.0;
				PRODUCT_BUNDLE_IDENTIFIER = "it.xcorra.football-calendarUITests";
				PRODUCT_NAME = "$(TARGET_NAME)";
				SWIFT_EMIT_LOC_STRINGS = NO;
				SWIFT_VERSION = 5.0;
				TEST_TARGET_NAME = "football-calendar";
			};
			name = Release;
		};
/* End XCBuildConfiguration section */

/* Begin XCConfigurationList section */
		62C513BB2B86470500D74BFA /* Build configuration list for PBXProject "football-calendar" */ = {
			isa = XCConfigurationList;
			buildConfigurations = (
				62C513E32B86470C00D74BFA /* Debug */,
				62C513E42B86470C00D74BFA /* Release */,
			);
			defaultConfigurationIsVisible = 0;
			defaultConfigurationName = Release;
		};
		62C513E52B86470C00D74BFA /* Build configuration list for PBXNativeTarget "football-calendar" */ = {
			isa = XCConfigurationList;
			buildConfigurations = (
				62C513E62B86470C00D74BFA /* Debug */,
				62C513E72B86470C00D74BFA /* Release */,
			);
			defaultConfigurationIsVisible = 0;
			defaultConfigurationName = Release;
		};
		62C513E82B86470C00D74BFA /* Build configuration list for PBXNativeTarget "football-calendarTests" */ = {
			isa = XCConfigurationList;
			buildConfigurations = (
				62C513E92B86470C00D74BFA /* Debug */,
				62C513EA2B86470C00D74BFA /* Release */,
			);
			defaultConfigurationIsVisible = 0;
			defaultConfigurationName = Release;
		};
		62C513EB2B86470C00D74BFA /* Build configuration list for PBXNativeTarget "football-calendarUITests" */ = {
			isa = XCConfigurationList;
			buildConfigurations = (
				62C513EC2B86470C00D74BFA /* Debug */,
				62C513ED2B86470C00D74BFA /* Release */,
			);
			defaultConfigurationIsVisible = 0;
			defaultConfigurationName = Release;
		};
/* End XCConfigurationList section */

/* Begin XCVersionGroup section */
		6229D6602B86538F00583F02 /* Model.xcdatamodeld */ = {
			isa = XCVersionGroup;
			children = (
				6229D6612B86538F00583F02 /* Model.xcdatamodel */,
			);
			currentVersion = 6229D6612B86538F00583F02 /* Model.xcdatamodel */;
			path = Model.xcdatamodeld;
			sourceTree = "<group>";
			versionGroupType = wrapper.xcdatamodel;
		};
/* End XCVersionGroup section */
	};
	rootObject = 62C513B82B86470500D74BFA /* Project object */;
}
