// !$*UTF8*$!
{
	archiveVersion = 1;
	classes = {
	};
	objectVersion = 56;
	objects = {

/* Begin PBXBuildFile section */
		625044542B90EF0A00AE6FEC /* football_calendarApp.swift in Sources */ = {isa = PBXBuildFile; fileRef = 625044532B90EF0A00AE6FEC /* football_calendarApp.swift */; };
		625044582B90EF0C00AE6FEC /* Assets.xcassets in Resources */ = {isa = PBXBuildFile; fileRef = 625044572B90EF0C00AE6FEC /* Assets.xcassets */; };
		6250445B2B90EF0C00AE6FEC /* Preview Assets.xcassets in Resources */ = {isa = PBXBuildFile; fileRef = 6250445A2B90EF0C00AE6FEC /* Preview Assets.xcassets */; };
		625044662B90EF0D00AE6FEC /* football_calendarTests.swift in Sources */ = {isa = PBXBuildFile; fileRef = 625044652B90EF0D00AE6FEC /* football_calendarTests.swift */; };
		625044702B90EF0D00AE6FEC /* football_calendarUITests.swift in Sources */ = {isa = PBXBuildFile; fileRef = 6250446F2B90EF0D00AE6FEC /* football_calendarUITests.swift */; };
		625044722B90EF0D00AE6FEC /* football_calendarUITestsLaunchTests.swift in Sources */ = {isa = PBXBuildFile; fileRef = 625044712B90EF0D00AE6FEC /* football_calendarUITestsLaunchTests.swift */; };
		625044852B90F14100AE6FEC /* ContentView.swift in Sources */ = {isa = PBXBuildFile; fileRef = 625044842B90F14100AE6FEC /* ContentView.swift */; };
		625044912B90F2C400AE6FEC /* Team.swift in Sources */ = {isa = PBXBuildFile; fileRef = 625044902B90F2C400AE6FEC /* Team.swift */; };
		625044932B90F2F300AE6FEC /* Match.swift in Sources */ = {isa = PBXBuildFile; fileRef = 625044922B90F2F300AE6FEC /* Match.swift */; };
		62904FC82B9338FA00527BFC /* Calendar.swift in Sources */ = {isa = PBXBuildFile; fileRef = 62904FC72B9338FA00527BFC /* Calendar.swift */; };
		62904FCC2B936A6400527BFC /* HomeView.swift in Sources */ = {isa = PBXBuildFile; fileRef = 62904FCB2B936A6400527BFC /* HomeView.swift */; };
		62904FCE2B936E5B00527BFC /* MatchView.swift in Sources */ = {isa = PBXBuildFile; fileRef = 62904FCD2B936E5B00527BFC /* MatchView.swift */; };
		62904FD02B9371AD00527BFC /* Formatting.swift in Sources */ = {isa = PBXBuildFile; fileRef = 62904FCF2B9371AD00527BFC /* Formatting.swift */; };
		62904FD22B93764F00527BFC /* TestData.swift in Sources */ = {isa = PBXBuildFile; fileRef = 62904FD12B93764F00527BFC /* TestData.swift */; };
		62904FD62B9380DB00527BFC /* CalendarView.swift in Sources */ = {isa = PBXBuildFile; fileRef = 62904FD52B9380DB00527BFC /* CalendarView.swift */; };
/* End PBXBuildFile section */

/* Begin PBXContainerItemProxy section */
		625044622B90EF0D00AE6FEC /* PBXContainerItemProxy */ = {
			isa = PBXContainerItemProxy;
			containerPortal = 625044482B90EF0A00AE6FEC /* Project object */;
			proxyType = 1;
			remoteGlobalIDString = 6250444F2B90EF0A00AE6FEC;
			remoteInfo = "football-calendar";
		};
		6250446C2B90EF0D00AE6FEC /* PBXContainerItemProxy */ = {
			isa = PBXContainerItemProxy;
			containerPortal = 625044482B90EF0A00AE6FEC /* Project object */;
			proxyType = 1;
			remoteGlobalIDString = 6250444F2B90EF0A00AE6FEC;
			remoteInfo = "football-calendar";
		};
/* End PBXContainerItemProxy section */

/* Begin PBXFileReference section */
		625044502B90EF0A00AE6FEC /* football-calendar.app */ = {isa = PBXFileReference; explicitFileType = wrapper.application; includeInIndex = 0; path = "football-calendar.app"; sourceTree = BUILT_PRODUCTS_DIR; };
		625044532B90EF0A00AE6FEC /* football_calendarApp.swift */ = {isa = PBXFileReference; lastKnownFileType = sourcecode.swift; path = football_calendarApp.swift; sourceTree = "<group>"; };
		625044572B90EF0C00AE6FEC /* Assets.xcassets */ = {isa = PBXFileReference; lastKnownFileType = folder.assetcatalog; path = Assets.xcassets; sourceTree = "<group>"; };
		6250445A2B90EF0C00AE6FEC /* Preview Assets.xcassets */ = {isa = PBXFileReference; lastKnownFileType = folder.assetcatalog; path = "Preview Assets.xcassets"; sourceTree = "<group>"; };
		6250445C2B90EF0C00AE6FEC /* football_calendar.entitlements */ = {isa = PBXFileReference; lastKnownFileType = text.plist.entitlements; path = football_calendar.entitlements; sourceTree = "<group>"; };
		625044612B90EF0D00AE6FEC /* football-calendarTests.xctest */ = {isa = PBXFileReference; explicitFileType = wrapper.cfbundle; includeInIndex = 0; path = "football-calendarTests.xctest"; sourceTree = BUILT_PRODUCTS_DIR; };
		625044652B90EF0D00AE6FEC /* football_calendarTests.swift */ = {isa = PBXFileReference; lastKnownFileType = sourcecode.swift; path = football_calendarTests.swift; sourceTree = "<group>"; };
		6250446B2B90EF0D00AE6FEC /* football-calendarUITests.xctest */ = {isa = PBXFileReference; explicitFileType = wrapper.cfbundle; includeInIndex = 0; path = "football-calendarUITests.xctest"; sourceTree = BUILT_PRODUCTS_DIR; };
		6250446F2B90EF0D00AE6FEC /* football_calendarUITests.swift */ = {isa = PBXFileReference; lastKnownFileType = sourcecode.swift; path = football_calendarUITests.swift; sourceTree = "<group>"; };
		625044712B90EF0D00AE6FEC /* football_calendarUITestsLaunchTests.swift */ = {isa = PBXFileReference; lastKnownFileType = sourcecode.swift; path = football_calendarUITestsLaunchTests.swift; sourceTree = "<group>"; };
		625044842B90F14100AE6FEC /* ContentView.swift */ = {isa = PBXFileReference; fileEncoding = 4; lastKnownFileType = sourcecode.swift; path = ContentView.swift; sourceTree = "<group>"; };
		625044902B90F2C400AE6FEC /* Team.swift */ = {isa = PBXFileReference; lastKnownFileType = sourcecode.swift; path = Team.swift; sourceTree = "<group>"; };
		625044922B90F2F300AE6FEC /* Match.swift */ = {isa = PBXFileReference; lastKnownFileType = sourcecode.swift; path = Match.swift; sourceTree = "<group>"; };
		62904FC72B9338FA00527BFC /* Calendar.swift */ = {isa = PBXFileReference; lastKnownFileType = sourcecode.swift; path = Calendar.swift; sourceTree = "<group>"; };
		62904FCB2B936A6400527BFC /* HomeView.swift */ = {isa = PBXFileReference; lastKnownFileType = sourcecode.swift; path = HomeView.swift; sourceTree = "<group>"; };
		62904FCD2B936E5B00527BFC /* MatchView.swift */ = {isa = PBXFileReference; lastKnownFileType = sourcecode.swift; path = MatchView.swift; sourceTree = "<group>"; };
		62904FCF2B9371AD00527BFC /* Formatting.swift */ = {isa = PBXFileReference; lastKnownFileType = sourcecode.swift; path = Formatting.swift; sourceTree = "<group>"; };
		62904FD12B93764F00527BFC /* TestData.swift */ = {isa = PBXFileReference; lastKnownFileType = sourcecode.swift; path = TestData.swift; sourceTree = "<group>"; };
		62904FD52B9380DB00527BFC /* CalendarView.swift */ = {isa = PBXFileReference; lastKnownFileType = sourcecode.swift; path = CalendarView.swift; sourceTree = "<group>"; };
/* End PBXFileReference section */

/* Begin PBXFrameworksBuildPhase section */
		6250444D2B90EF0A00AE6FEC /* Frameworks */ = {
			isa = PBXFrameworksBuildPhase;
			buildActionMask = 2147483647;
			files = (
			);
			runOnlyForDeploymentPostprocessing = 0;
		};
		6250445E2B90EF0D00AE6FEC /* Frameworks */ = {
			isa = PBXFrameworksBuildPhase;
			buildActionMask = 2147483647;
			files = (
			);
			runOnlyForDeploymentPostprocessing = 0;
		};
		625044682B90EF0D00AE6FEC /* Frameworks */ = {
			isa = PBXFrameworksBuildPhase;
			buildActionMask = 2147483647;
			files = (
			);
			runOnlyForDeploymentPostprocessing = 0;
		};
/* End PBXFrameworksBuildPhase section */

/* Begin PBXGroup section */
		625044472B90EF0A00AE6FEC = {
			isa = PBXGroup;
			children = (
				625044522B90EF0A00AE6FEC /* football-calendar */,
				625044642B90EF0D00AE6FEC /* football-calendarTests */,
				6250446E2B90EF0D00AE6FEC /* football-calendarUITests */,
				625044512B90EF0A00AE6FEC /* Products */,
			);
			sourceTree = "<group>";
		};
		625044512B90EF0A00AE6FEC /* Products */ = {
			isa = PBXGroup;
			children = (
				625044502B90EF0A00AE6FEC /* football-calendar.app */,
				625044612B90EF0D00AE6FEC /* football-calendarTests.xctest */,
				6250446B2B90EF0D00AE6FEC /* football-calendarUITests.xctest */,
			);
			name = Products;
			sourceTree = "<group>";
		};
		625044522B90EF0A00AE6FEC /* football-calendar */ = {
			isa = PBXGroup;
			children = (
				6250448B2B90F1FA00AE6FEC /* Model */,
				625044862B90F17B00AE6FEC /* View */,
				625044532B90EF0A00AE6FEC /* football_calendarApp.swift */,
				625044842B90F14100AE6FEC /* ContentView.swift */,
				625044572B90EF0C00AE6FEC /* Assets.xcassets */,
				6250445C2B90EF0C00AE6FEC /* football_calendar.entitlements */,
				625044592B90EF0C00AE6FEC /* Preview Content */,
				62904FCF2B9371AD00527BFC /* Formatting.swift */,
				62904FD12B93764F00527BFC /* TestData.swift */,
			);
			path = "football-calendar";
			sourceTree = "<group>";
		};
		625044592B90EF0C00AE6FEC /* Preview Content */ = {
			isa = PBXGroup;
			children = (
				6250445A2B90EF0C00AE6FEC /* Preview Assets.xcassets */,
			);
			path = "Preview Content";
			sourceTree = "<group>";
		};
		625044642B90EF0D00AE6FEC /* football-calendarTests */ = {
			isa = PBXGroup;
			children = (
				625044652B90EF0D00AE6FEC /* football_calendarTests.swift */,
			);
			path = "football-calendarTests";
			sourceTree = "<group>";
		};
		6250446E2B90EF0D00AE6FEC /* football-calendarUITests */ = {
			isa = PBXGroup;
			children = (
				6250446F2B90EF0D00AE6FEC /* football_calendarUITests.swift */,
				625044712B90EF0D00AE6FEC /* football_calendarUITestsLaunchTests.swift */,
			);
			path = "football-calendarUITests";
			sourceTree = "<group>";
		};
		625044862B90F17B00AE6FEC /* View */ = {
			isa = PBXGroup;
			children = (
				62904FCB2B936A6400527BFC /* HomeView.swift */,
				62904FCD2B936E5B00527BFC /* MatchView.swift */,
				62904FD52B9380DB00527BFC /* CalendarView.swift */,
			);
			path = View;
			sourceTree = "<group>";
		};
		6250448B2B90F1FA00AE6FEC /* Model */ = {
			isa = PBXGroup;
			children = (
				625044902B90F2C400AE6FEC /* Team.swift */,
				625044922B90F2F300AE6FEC /* Match.swift */,
				62904FC72B9338FA00527BFC /* Calendar.swift */,
			);
			path = Model;
			sourceTree = "<group>";
		};
/* End PBXGroup section */

/* Begin PBXNativeTarget section */
		6250444F2B90EF0A00AE6FEC /* football-calendar */ = {
			isa = PBXNativeTarget;
			buildConfigurationList = 625044752B90EF0D00AE6FEC /* Build configuration list for PBXNativeTarget "football-calendar" */;
			buildPhases = (
				6250444C2B90EF0A00AE6FEC /* Sources */,
				6250444D2B90EF0A00AE6FEC /* Frameworks */,
				6250444E2B90EF0A00AE6FEC /* Resources */,
			);
			buildRules = (
			);
			dependencies = (
			);
			name = "football-calendar";
			productName = "football-calendar";
			productReference = 625044502B90EF0A00AE6FEC /* football-calendar.app */;
			productType = "com.apple.product-type.application";
		};
		625044602B90EF0D00AE6FEC /* football-calendarTests */ = {
			isa = PBXNativeTarget;
			buildConfigurationList = 625044782B90EF0D00AE6FEC /* Build configuration list for PBXNativeTarget "football-calendarTests" */;
			buildPhases = (
				6250445D2B90EF0D00AE6FEC /* Sources */,
				6250445E2B90EF0D00AE6FEC /* Frameworks */,
				6250445F2B90EF0D00AE6FEC /* Resources */,
			);
			buildRules = (
			);
			dependencies = (
				625044632B90EF0D00AE6FEC /* PBXTargetDependency */,
			);
			name = "football-calendarTests";
			productName = "football-calendarTests";
			productReference = 625044612B90EF0D00AE6FEC /* football-calendarTests.xctest */;
			productType = "com.apple.product-type.bundle.unit-test";
		};
		6250446A2B90EF0D00AE6FEC /* football-calendarUITests */ = {
			isa = PBXNativeTarget;
			buildConfigurationList = 6250447B2B90EF0D00AE6FEC /* Build configuration list for PBXNativeTarget "football-calendarUITests" */;
			buildPhases = (
				625044672B90EF0D00AE6FEC /* Sources */,
				625044682B90EF0D00AE6FEC /* Frameworks */,
				625044692B90EF0D00AE6FEC /* Resources */,
			);
			buildRules = (
			);
			dependencies = (
				6250446D2B90EF0D00AE6FEC /* PBXTargetDependency */,
			);
			name = "football-calendarUITests";
			productName = "football-calendarUITests";
			productReference = 6250446B2B90EF0D00AE6FEC /* football-calendarUITests.xctest */;
			productType = "com.apple.product-type.bundle.ui-testing";
		};
/* End PBXNativeTarget section */

/* Begin PBXProject section */
		625044482B90EF0A00AE6FEC /* Project object */ = {
			isa = PBXProject;
			attributes = {
				BuildIndependentTargetsInParallel = 1;
				LastSwiftUpdateCheck = 1520;
				LastUpgradeCheck = 1520;
				TargetAttributes = {
					6250444F2B90EF0A00AE6FEC = {
						CreatedOnToolsVersion = 15.2;
					};
					625044602B90EF0D00AE6FEC = {
						CreatedOnToolsVersion = 15.2;
						TestTargetID = 6250444F2B90EF0A00AE6FEC;
					};
					6250446A2B90EF0D00AE6FEC = {
						CreatedOnToolsVersion = 15.2;
						TestTargetID = 6250444F2B90EF0A00AE6FEC;
					};
				};
			};
			buildConfigurationList = 6250444B2B90EF0A00AE6FEC /* Build configuration list for PBXProject "football-calendar" */;
			compatibilityVersion = "Xcode 14.0";
			developmentRegion = en;
			hasScannedForEncodings = 0;
			knownRegions = (
				en,
				Base,
			);
			mainGroup = 625044472B90EF0A00AE6FEC;
			productRefGroup = 625044512B90EF0A00AE6FEC /* Products */;
			projectDirPath = "";
			projectRoot = "";
			targets = (
				6250444F2B90EF0A00AE6FEC /* football-calendar */,
				625044602B90EF0D00AE6FEC /* football-calendarTests */,
				6250446A2B90EF0D00AE6FEC /* football-calendarUITests */,
			);
		};
/* End PBXProject section */

/* Begin PBXResourcesBuildPhase section */
		6250444E2B90EF0A00AE6FEC /* Resources */ = {
			isa = PBXResourcesBuildPhase;
			buildActionMask = 2147483647;
			files = (
				6250445B2B90EF0C00AE6FEC /* Preview Assets.xcassets in Resources */,
				625044582B90EF0C00AE6FEC /* Assets.xcassets in Resources */,
			);
			runOnlyForDeploymentPostprocessing = 0;
		};
		6250445F2B90EF0D00AE6FEC /* Resources */ = {
			isa = PBXResourcesBuildPhase;
			buildActionMask = 2147483647;
			files = (
			);
			runOnlyForDeploymentPostprocessing = 0;
		};
		625044692B90EF0D00AE6FEC /* Resources */ = {
			isa = PBXResourcesBuildPhase;
			buildActionMask = 2147483647;
			files = (
			);
			runOnlyForDeploymentPostprocessing = 0;
		};
/* End PBXResourcesBuildPhase section */

/* Begin PBXSourcesBuildPhase section */
		6250444C2B90EF0A00AE6FEC /* Sources */ = {
			isa = PBXSourcesBuildPhase;
			buildActionMask = 2147483647;
			files = (
				62904FD62B9380DB00527BFC /* CalendarView.swift in Sources */,
				625044852B90F14100AE6FEC /* ContentView.swift in Sources */,
				62904FCC2B936A6400527BFC /* HomeView.swift in Sources */,
				62904FD22B93764F00527BFC /* TestData.swift in Sources */,
				625044542B90EF0A00AE6FEC /* football_calendarApp.swift in Sources */,
				62904FD02B9371AD00527BFC /* Formatting.swift in Sources */,
				625044912B90F2C400AE6FEC /* Team.swift in Sources */,
				62904FCE2B936E5B00527BFC /* MatchView.swift in Sources */,
				625044932B90F2F300AE6FEC /* Match.swift in Sources */,
				62904FC82B9338FA00527BFC /* Calendar.swift in Sources */,
			);
			runOnlyForDeploymentPostprocessing = 0;
		};
		6250445D2B90EF0D00AE6FEC /* Sources */ = {
			isa = PBXSourcesBuildPhase;
			buildActionMask = 2147483647;
			files = (
				625044662B90EF0D00AE6FEC /* football_calendarTests.swift in Sources */,
			);
			runOnlyForDeploymentPostprocessing = 0;
		};
		625044672B90EF0D00AE6FEC /* Sources */ = {
			isa = PBXSourcesBuildPhase;
			buildActionMask = 2147483647;
			files = (
				625044702B90EF0D00AE6FEC /* football_calendarUITests.swift in Sources */,
				625044722B90EF0D00AE6FEC /* football_calendarUITestsLaunchTests.swift in Sources */,
			);
			runOnlyForDeploymentPostprocessing = 0;
		};
/* End PBXSourcesBuildPhase section */

/* Begin PBXTargetDependency section */
		625044632B90EF0D00AE6FEC /* PBXTargetDependency */ = {
			isa = PBXTargetDependency;
			target = 6250444F2B90EF0A00AE6FEC /* football-calendar */;
			targetProxy = 625044622B90EF0D00AE6FEC /* PBXContainerItemProxy */;
		};
		6250446D2B90EF0D00AE6FEC /* PBXTargetDependency */ = {
			isa = PBXTargetDependency;
			target = 6250444F2B90EF0A00AE6FEC /* football-calendar */;
			targetProxy = 6250446C2B90EF0D00AE6FEC /* PBXContainerItemProxy */;
		};
/* End PBXTargetDependency section */

/* Begin XCBuildConfiguration section */
		625044732B90EF0D00AE6FEC /* Debug */ = {
			isa = XCBuildConfiguration;
			buildSettings = {
				ALWAYS_SEARCH_USER_PATHS = NO;
				ASSETCATALOG_COMPILER_GENERATE_SWIFT_ASSET_SYMBOL_EXTENSIONS = YES;
				CLANG_ANALYZER_NONNULL = YES;
				CLANG_ANALYZER_NUMBER_OBJECT_CONVERSION = YES_AGGRESSIVE;
				CLANG_CXX_LANGUAGE_STANDARD = "gnu++20";
				CLANG_ENABLE_MODULES = YES;
				CLANG_ENABLE_OBJC_ARC = YES;
				CLANG_ENABLE_OBJC_WEAK = YES;
				CLANG_WARN_BLOCK_CAPTURE_AUTORELEASING = YES;
				CLANG_WARN_BOOL_CONVERSION = YES;
				CLANG_WARN_COMMA = YES;
				CLANG_WARN_CONSTANT_CONVERSION = YES;
				CLANG_WARN_DEPRECATED_OBJC_IMPLEMENTATIONS = YES;
				CLANG_WARN_DIRECT_OBJC_ISA_USAGE = YES_ERROR;
				CLANG_WARN_DOCUMENTATION_COMMENTS = YES;
				CLANG_WARN_EMPTY_BODY = YES;
				CLANG_WARN_ENUM_CONVERSION = YES;
				CLANG_WARN_INFINITE_RECURSION = YES;
				CLANG_WARN_INT_CONVERSION = YES;
				CLANG_WARN_NON_LITERAL_NULL_CONVERSION = YES;
				CLANG_WARN_OBJC_IMPLICIT_RETAIN_SELF = YES;
				CLANG_WARN_OBJC_LITERAL_CONVERSION = YES;
				CLANG_WARN_OBJC_ROOT_CLASS = YES_ERROR;
				CLANG_WARN_QUOTED_INCLUDE_IN_FRAMEWORK_HEADER = YES;
				CLANG_WARN_RANGE_LOOP_ANALYSIS = YES;
				CLANG_WARN_STRICT_PROTOTYPES = YES;
				CLANG_WARN_SUSPICIOUS_MOVE = YES;
				CLANG_WARN_UNGUARDED_AVAILABILITY = YES_AGGRESSIVE;
				CLANG_WARN_UNREACHABLE_CODE = YES;
				CLANG_WARN__DUPLICATE_METHOD_MATCH = YES;
				COPY_PHASE_STRIP = NO;
				DEBUG_INFORMATION_FORMAT = dwarf;
				ENABLE_STRICT_OBJC_MSGSEND = YES;
				ENABLE_TESTABILITY = YES;
				ENABLE_USER_SCRIPT_SANDBOXING = YES;
				GCC_C_LANGUAGE_STANDARD = gnu17;
				GCC_DYNAMIC_NO_PIC = NO;
				GCC_NO_COMMON_BLOCKS = YES;
				GCC_OPTIMIZATION_LEVEL = 0;
				GCC_PREPROCESSOR_DEFINITIONS = (
					"DEBUG=1",
					"$(inherited)",
				);
				GCC_WARN_64_TO_32_BIT_CONVERSION = YES;
				GCC_WARN_ABOUT_RETURN_TYPE = YES_ERROR;
				GCC_WARN_UNDECLARED_SELECTOR = YES;
				GCC_WARN_UNINITIALIZED_AUTOS = YES_AGGRESSIVE;
				GCC_WARN_UNUSED_FUNCTION = YES;
				GCC_WARN_UNUSED_VARIABLE = YES;
				LOCALIZATION_PREFERS_STRING_CATALOGS = YES;
				MACOSX_DEPLOYMENT_TARGET = 14.2;
				MTL_ENABLE_DEBUG_INFO = INCLUDE_SOURCE;
				MTL_FAST_MATH = YES;
				ONLY_ACTIVE_ARCH = YES;
				SDKROOT = macosx;
				SWIFT_ACTIVE_COMPILATION_CONDITIONS = "DEBUG $(inherited)";
				SWIFT_OPTIMIZATION_LEVEL = "-Onone";
			};
			name = Debug;
		};
		625044742B90EF0D00AE6FEC /* Release */ = {
			isa = XCBuildConfiguration;
			buildSettings = {
				ALWAYS_SEARCH_USER_PATHS = NO;
				ASSETCATALOG_COMPILER_GENERATE_SWIFT_ASSET_SYMBOL_EXTENSIONS = YES;
				CLANG_ANALYZER_NONNULL = YES;
				CLANG_ANALYZER_NUMBER_OBJECT_CONVERSION = YES_AGGRESSIVE;
				CLANG_CXX_LANGUAGE_STANDARD = "gnu++20";
				CLANG_ENABLE_MODULES = YES;
				CLANG_ENABLE_OBJC_ARC = YES;
				CLANG_ENABLE_OBJC_WEAK = YES;
				CLANG_WARN_BLOCK_CAPTURE_AUTORELEASING = YES;
				CLANG_WARN_BOOL_CONVERSION = YES;
				CLANG_WARN_COMMA = YES;
				CLANG_WARN_CONSTANT_CONVERSION = YES;
				CLANG_WARN_DEPRECATED_OBJC_IMPLEMENTATIONS = YES;
				CLANG_WARN_DIRECT_OBJC_ISA_USAGE = YES_ERROR;
				CLANG_WARN_DOCUMENTATION_COMMENTS = YES;
				CLANG_WARN_EMPTY_BODY = YES;
				CLANG_WARN_ENUM_CONVERSION = YES;
				CLANG_WARN_INFINITE_RECURSION = YES;
				CLANG_WARN_INT_CONVERSION = YES;
				CLANG_WARN_NON_LITERAL_NULL_CONVERSION = YES;
				CLANG_WARN_OBJC_IMPLICIT_RETAIN_SELF = YES;
				CLANG_WARN_OBJC_LITERAL_CONVERSION = YES;
				CLANG_WARN_OBJC_ROOT_CLASS = YES_ERROR;
				CLANG_WARN_QUOTED_INCLUDE_IN_FRAMEWORK_HEADER = YES;
				CLANG_WARN_RANGE_LOOP_ANALYSIS = YES;
				CLANG_WARN_STRICT_PROTOTYPES = YES;
				CLANG_WARN_SUSPICIOUS_MOVE = YES;
				CLANG_WARN_UNGUARDED_AVAILABILITY = YES_AGGRESSIVE;
				CLANG_WARN_UNREACHABLE_CODE = YES;
				CLANG_WARN__DUPLICATE_METHOD_MATCH = YES;
				COPY_PHASE_STRIP = NO;
				DEBUG_INFORMATION_FORMAT = "dwarf-with-dsym";
				ENABLE_NS_ASSERTIONS = NO;
				ENABLE_STRICT_OBJC_MSGSEND = YES;
				ENABLE_USER_SCRIPT_SANDBOXING = YES;
				GCC_C_LANGUAGE_STANDARD = gnu17;
				GCC_NO_COMMON_BLOCKS = YES;
				GCC_WARN_64_TO_32_BIT_CONVERSION = YES;
				GCC_WARN_ABOUT_RETURN_TYPE = YES_ERROR;
				GCC_WARN_UNDECLARED_SELECTOR = YES;
				GCC_WARN_UNINITIALIZED_AUTOS = YES_AGGRESSIVE;
				GCC_WARN_UNUSED_FUNCTION = YES;
				GCC_WARN_UNUSED_VARIABLE = YES;
				LOCALIZATION_PREFERS_STRING_CATALOGS = YES;
				MACOSX_DEPLOYMENT_TARGET = 14.2;
				MTL_ENABLE_DEBUG_INFO = NO;
				MTL_FAST_MATH = YES;
				SDKROOT = macosx;
				SWIFT_COMPILATION_MODE = wholemodule;
			};
			name = Release;
		};
		625044762B90EF0D00AE6FEC /* Debug */ = {
			isa = XCBuildConfiguration;
			buildSettings = {
				ASSETCATALOG_COMPILER_APPICON_NAME = AppIcon;
				ASSETCATALOG_COMPILER_GLOBAL_ACCENT_COLOR_NAME = AccentColor;
				CODE_SIGN_ENTITLEMENTS = "football-calendar/football_calendar.entitlements";
				CODE_SIGN_STYLE = Automatic;
				COMBINE_HIDPI_IMAGES = YES;
				CURRENT_PROJECT_VERSION = 1;
				DEVELOPMENT_ASSET_PATHS = "\"football-calendar/Preview Content\"";
				ENABLE_PREVIEWS = YES;
				GENERATE_INFOPLIST_FILE = YES;
				INFOPLIST_KEY_NSHumanReadableCopyright = "";
				LD_RUNPATH_SEARCH_PATHS = (
					"$(inherited)",
					"@executable_path/../Frameworks",
				);
				MARKETING_VERSION = 1.0;
				PRODUCT_BUNDLE_IDENTIFIER = "it.xcorra.football-calendar";
				PRODUCT_NAME = "$(TARGET_NAME)";
				SWIFT_EMIT_LOC_STRINGS = YES;
				SWIFT_VERSION = 5.0;
			};
			name = Debug;
		};
		625044772B90EF0D00AE6FEC /* Release */ = {
			isa = XCBuildConfiguration;
			buildSettings = {
				ASSETCATALOG_COMPILER_APPICON_NAME = AppIcon;
				ASSETCATALOG_COMPILER_GLOBAL_ACCENT_COLOR_NAME = AccentColor;
				CODE_SIGN_ENTITLEMENTS = "football-calendar/football_calendar.entitlements";
				CODE_SIGN_STYLE = Automatic;
				COMBINE_HIDPI_IMAGES = YES;
				CURRENT_PROJECT_VERSION = 1;
				DEVELOPMENT_ASSET_PATHS = "\"football-calendar/Preview Content\"";
				ENABLE_PREVIEWS = YES;
				GENERATE_INFOPLIST_FILE = YES;
				INFOPLIST_KEY_NSHumanReadableCopyright = "";
				LD_RUNPATH_SEARCH_PATHS = (
					"$(inherited)",
					"@executable_path/../Frameworks",
				);
				MARKETING_VERSION = 1.0;
				PRODUCT_BUNDLE_IDENTIFIER = "it.xcorra.football-calendar";
				PRODUCT_NAME = "$(TARGET_NAME)";
				SWIFT_EMIT_LOC_STRINGS = YES;
				SWIFT_VERSION = 5.0;
			};
			name = Release;
		};
		625044792B90EF0D00AE6FEC /* Debug */ = {
			isa = XCBuildConfiguration;
			buildSettings = {
				ALWAYS_EMBED_SWIFT_STANDARD_LIBRARIES = YES;
				BUNDLE_LOADER = "$(TEST_HOST)";
				CODE_SIGN_STYLE = Automatic;
				CURRENT_PROJECT_VERSION = 1;
				GENERATE_INFOPLIST_FILE = YES;
				MACOSX_DEPLOYMENT_TARGET = 14.2;
				MARKETING_VERSION = 1.0;
				PRODUCT_BUNDLE_IDENTIFIER = "it.xcorra.football-calendarTests";
				PRODUCT_NAME = "$(TARGET_NAME)";
				SWIFT_EMIT_LOC_STRINGS = NO;
				SWIFT_VERSION = 5.0;
				TEST_HOST = "$(BUILT_PRODUCTS_DIR)/football-calendar.app/$(BUNDLE_EXECUTABLE_FOLDER_PATH)/football-calendar";
			};
			name = Debug;
		};
		6250447A2B90EF0D00AE6FEC /* Release */ = {
			isa = XCBuildConfiguration;
			buildSettings = {
				ALWAYS_EMBED_SWIFT_STANDARD_LIBRARIES = YES;
				BUNDLE_LOADER = "$(TEST_HOST)";
				CODE_SIGN_STYLE = Automatic;
				CURRENT_PROJECT_VERSION = 1;
				GENERATE_INFOPLIST_FILE = YES;
				MACOSX_DEPLOYMENT_TARGET = 14.2;
				MARKETING_VERSION = 1.0;
				PRODUCT_BUNDLE_IDENTIFIER = "it.xcorra.football-calendarTests";
				PRODUCT_NAME = "$(TARGET_NAME)";
				SWIFT_EMIT_LOC_STRINGS = NO;
				SWIFT_VERSION = 5.0;
				TEST_HOST = "$(BUILT_PRODUCTS_DIR)/football-calendar.app/$(BUNDLE_EXECUTABLE_FOLDER_PATH)/football-calendar";
			};
			name = Release;
		};
		6250447C2B90EF0D00AE6FEC /* Debug */ = {
			isa = XCBuildConfiguration;
			buildSettings = {
				ALWAYS_EMBED_SWIFT_STANDARD_LIBRARIES = YES;
				CODE_SIGN_STYLE = Automatic;
				CURRENT_PROJECT_VERSION = 1;
				GENERATE_INFOPLIST_FILE = YES;
				MARKETING_VERSION = 1.0;
				PRODUCT_BUNDLE_IDENTIFIER = "it.xcorra.football-calendarUITests";
				PRODUCT_NAME = "$(TARGET_NAME)";
				SWIFT_EMIT_LOC_STRINGS = NO;
				SWIFT_VERSION = 5.0;
				TEST_TARGET_NAME = "football-calendar";
			};
			name = Debug;
		};
		6250447D2B90EF0D00AE6FEC /* Release */ = {
			isa = XCBuildConfiguration;
			buildSettings = {
				ALWAYS_EMBED_SWIFT_STANDARD_LIBRARIES = YES;
				CODE_SIGN_STYLE = Automatic;
				CURRENT_PROJECT_VERSION = 1;
				GENERATE_INFOPLIST_FILE = YES;
				MARKETING_VERSION = 1.0;
				PRODUCT_BUNDLE_IDENTIFIER = "it.xcorra.football-calendarUITests";
				PRODUCT_NAME = "$(TARGET_NAME)";
				SWIFT_EMIT_LOC_STRINGS = NO;
				SWIFT_VERSION = 5.0;
				TEST_TARGET_NAME = "football-calendar";
			};
			name = Release;
		};
/* End XCBuildConfiguration section */

/* Begin XCConfigurationList section */
		6250444B2B90EF0A00AE6FEC /* Build configuration list for PBXProject "football-calendar" */ = {
			isa = XCConfigurationList;
			buildConfigurations = (
				625044732B90EF0D00AE6FEC /* Debug */,
				625044742B90EF0D00AE6FEC /* Release */,
			);
			defaultConfigurationIsVisible = 0;
			defaultConfigurationName = Release;
		};
		625044752B90EF0D00AE6FEC /* Build configuration list for PBXNativeTarget "football-calendar" */ = {
			isa = XCConfigurationList;
			buildConfigurations = (
				625044762B90EF0D00AE6FEC /* Debug */,
				625044772B90EF0D00AE6FEC /* Release */,
			);
			defaultConfigurationIsVisible = 0;
			defaultConfigurationName = Release;
		};
		625044782B90EF0D00AE6FEC /* Build configuration list for PBXNativeTarget "football-calendarTests" */ = {
			isa = XCConfigurationList;
			buildConfigurations = (
				625044792B90EF0D00AE6FEC /* Debug */,
				6250447A2B90EF0D00AE6FEC /* Release */,
			);
			defaultConfigurationIsVisible = 0;
			defaultConfigurationName = Release;
		};
		6250447B2B90EF0D00AE6FEC /* Build configuration list for PBXNativeTarget "football-calendarUITests" */ = {
			isa = XCConfigurationList;
			buildConfigurations = (
				6250447C2B90EF0D00AE6FEC /* Debug */,
				6250447D2B90EF0D00AE6FEC /* Release */,
			);
			defaultConfigurationIsVisible = 0;
			defaultConfigurationName = Release;
		};
/* End XCConfigurationList section */
	};
	rootObject = 625044482B90EF0A00AE6FEC /* Project object */;
}
